// !$*UTF8*$!
{
	archiveVersion = 1;
	classes = {
	};
	objectVersion = 56;
	objects = {

/* Begin PBXBuildFile section */
		35EAB84C2B983020009E462D /* CameraView.swift in Sources */ = {isa = PBXBuildFile; fileRef = 35EAB84B2B983020009E462D /* CameraView.swift */; };
		35F732DF2BB64B4100F994A6 /* ExpiringItemCardStyle.swift in Sources */ = {isa = PBXBuildFile; fileRef = 35F732DE2BB64B4100F994A6 /* ExpiringItemCardStyle.swift */; };
		35F732E12BB6701900F994A6 /* ExpiringItemCardSection.swift in Sources */ = {isa = PBXBuildFile; fileRef = 35F732E02BB6701900F994A6 /* ExpiringItemCardSection.swift */; };
		4E25F2842B97C7590073DE98 /* PantryItem.swift in Sources */ = {isa = PBXBuildFile; fileRef = 4E25F2832B97C7590073DE98 /* PantryItem.swift */; };
		4E25F2862B980FF80073DE98 /* PantryView.swift in Sources */ = {isa = PBXBuildFile; fileRef = 4E25F2852B980FF80073DE98 /* PantryView.swift */; };
		4E2E8C742B967F6B002A0840 /* SmartPantryApp.swift in Sources */ = {isa = PBXBuildFile; fileRef = 4E2E8C732B967F6B002A0840 /* SmartPantryApp.swift */; };
		4E2E8C762B967F6B002A0840 /* ContentView.swift in Sources */ = {isa = PBXBuildFile; fileRef = 4E2E8C752B967F6B002A0840 /* ContentView.swift */; };
		4E2E8C782B967F6C002A0840 /* Assets.xcassets in Resources */ = {isa = PBXBuildFile; fileRef = 4E2E8C772B967F6C002A0840 /* Assets.xcassets */; };
		4E2E8C7B2B967F6C002A0840 /* Preview Assets.xcassets in Resources */ = {isa = PBXBuildFile; fileRef = 4E2E8C7A2B967F6C002A0840 /* Preview Assets.xcassets */; };
		4E3DEA4E2BB9BD2C00774FB4 /* ExpiringItemScrollStyle.swift in Sources */ = {isa = PBXBuildFile; fileRef = 4E3DEA4D2BB9BD2C00774FB4 /* ExpiringItemScrollStyle.swift */; };
		4E3DEA502BB9BF5100774FB4 /* ExpiringItemScrollSection.swift in Sources */ = {isa = PBXBuildFile; fileRef = 4E3DEA4F2BB9BF5100774FB4 /* ExpiringItemScrollSection.swift */; };
		4E59DAAD2B98562D009C7A63 /* ProfileView.swift in Sources */ = {isa = PBXBuildFile; fileRef = 4E59DAAC2B98562D009C7A63 /* ProfileView.swift */; };
		4E72212A2B98E0CA00D9A762 /* PantryItemModel.swift in Sources */ = {isa = PBXBuildFile; fileRef = 4E7221292B98E0CA00D9A762 /* PantryItemModel.swift */; };
		4E72212C2B98E67700D9A762 /* NotificationView.swift in Sources */ = {isa = PBXBuildFile; fileRef = 4E72212B2B98E67700D9A762 /* NotificationView.swift */; };
		4E72212E2B98EA6A00D9A762 /* TitleBar.swift in Sources */ = {isa = PBXBuildFile; fileRef = 4E72212D2B98EA6A00D9A762 /* TitleBar.swift */; };
		4E7221352B98FD2100D9A762 /* PantrySection.swift in Sources */ = {isa = PBXBuildFile; fileRef = 4E7221342B98FD2100D9A762 /* PantrySection.swift */; };
		4E7221392B991F7E00D9A762 /* PantrySectionModel.swift in Sources */ = {isa = PBXBuildFile; fileRef = 4E7221382B991F7E00D9A762 /* PantrySectionModel.swift */; };
		4E72213B2B9A120F00D9A762 /* PantryItemManager.swift in Sources */ = {isa = PBXBuildFile; fileRef = 4E72213A2B9A120F00D9A762 /* PantryItemManager.swift */; };
		4E91741D2BB512BC006318D7 /* ExpirationView.swift in Sources */ = {isa = PBXBuildFile; fileRef = 4E91741C2BB512BC006318D7 /* ExpirationView.swift */; };
		4E91741F2BB60661006318D7 /* SloganCard.swift in Sources */ = {isa = PBXBuildFile; fileRef = 4E91741E2BB60661006318D7 /* SloganCard.swift */; };
/* End PBXBuildFile section */

/* Begin PBXFileReference section */
		3587D5742B9806F900D3F91D /* Info.plist */ = {isa = PBXFileReference; lastKnownFileType = text.plist; path = Info.plist; sourceTree = "<group>"; };
		35EAB84B2B983020009E462D /* CameraView.swift */ = {isa = PBXFileReference; lastKnownFileType = sourcecode.swift; path = CameraView.swift; sourceTree = "<group>"; };
		35F732DE2BB64B4100F994A6 /* ExpiringItemCardStyle.swift */ = {isa = PBXFileReference; lastKnownFileType = sourcecode.swift; path = ExpiringItemCardStyle.swift; sourceTree = "<group>"; };
		35F732E02BB6701900F994A6 /* ExpiringItemCardSection.swift */ = {isa = PBXFileReference; lastKnownFileType = sourcecode.swift; path = ExpiringItemCardSection.swift; sourceTree = "<group>"; };
		4E25F2832B97C7590073DE98 /* PantryItem.swift */ = {isa = PBXFileReference; lastKnownFileType = sourcecode.swift; path = PantryItem.swift; sourceTree = "<group>"; };
		4E25F2852B980FF80073DE98 /* PantryView.swift */ = {isa = PBXFileReference; lastKnownFileType = sourcecode.swift; path = PantryView.swift; sourceTree = "<group>"; };
		4E2E8C702B967F6B002A0840 /* SmartPantry.app */ = {isa = PBXFileReference; explicitFileType = wrapper.application; includeInIndex = 0; path = SmartPantry.app; sourceTree = BUILT_PRODUCTS_DIR; };
		4E2E8C732B967F6B002A0840 /* SmartPantryApp.swift */ = {isa = PBXFileReference; lastKnownFileType = sourcecode.swift; path = SmartPantryApp.swift; sourceTree = "<group>"; };
		4E2E8C752B967F6B002A0840 /* ContentView.swift */ = {isa = PBXFileReference; lastKnownFileType = sourcecode.swift; path = ContentView.swift; sourceTree = "<group>"; };
		4E2E8C772B967F6C002A0840 /* Assets.xcassets */ = {isa = PBXFileReference; lastKnownFileType = folder.assetcatalog; path = Assets.xcassets; sourceTree = "<group>"; };
		4E2E8C7A2B967F6C002A0840 /* Preview Assets.xcassets */ = {isa = PBXFileReference; lastKnownFileType = folder.assetcatalog; path = "Preview Assets.xcassets"; sourceTree = "<group>"; };
		4E3DEA4D2BB9BD2C00774FB4 /* ExpiringItemScrollStyle.swift */ = {isa = PBXFileReference; lastKnownFileType = sourcecode.swift; path = ExpiringItemScrollStyle.swift; sourceTree = "<group>"; };
		4E3DEA4F2BB9BF5100774FB4 /* ExpiringItemScrollSection.swift */ = {isa = PBXFileReference; lastKnownFileType = sourcecode.swift; path = ExpiringItemScrollSection.swift; sourceTree = "<group>"; };
		4E59DAAC2B98562D009C7A63 /* ProfileView.swift */ = {isa = PBXFileReference; lastKnownFileType = sourcecode.swift; path = ProfileView.swift; sourceTree = "<group>"; };
		4E7221292B98E0CA00D9A762 /* PantryItemModel.swift */ = {isa = PBXFileReference; lastKnownFileType = sourcecode.swift; path = PantryItemModel.swift; sourceTree = "<group>"; };
		4E72212B2B98E67700D9A762 /* NotificationView.swift */ = {isa = PBXFileReference; lastKnownFileType = sourcecode.swift; path = NotificationView.swift; sourceTree = "<group>"; };
		4E72212D2B98EA6A00D9A762 /* TitleBar.swift */ = {isa = PBXFileReference; lastKnownFileType = sourcecode.swift; path = TitleBar.swift; sourceTree = "<group>"; };
		4E7221342B98FD2100D9A762 /* PantrySection.swift */ = {isa = PBXFileReference; lastKnownFileType = sourcecode.swift; path = PantrySection.swift; sourceTree = "<group>"; };
		4E7221382B991F7E00D9A762 /* PantrySectionModel.swift */ = {isa = PBXFileReference; lastKnownFileType = sourcecode.swift; path = PantrySectionModel.swift; sourceTree = "<group>"; };
		4E72213A2B9A120F00D9A762 /* PantryItemManager.swift */ = {isa = PBXFileReference; lastKnownFileType = sourcecode.swift; path = PantryItemManager.swift; sourceTree = "<group>"; };
		4E91741C2BB512BC006318D7 /* ExpirationView.swift */ = {isa = PBXFileReference; lastKnownFileType = sourcecode.swift; name = ExpirationView.swift; path = SmartPantry/ExpirationView.swift; sourceTree = SOURCE_ROOT; };
		4E91741E2BB60661006318D7 /* SloganCard.swift */ = {isa = PBXFileReference; lastKnownFileType = sourcecode.swift; path = SloganCard.swift; sourceTree = "<group>"; };
/* End PBXFileReference section */

/* Begin PBXFrameworksBuildPhase section */
		4E2E8C6D2B967F6B002A0840 /* Frameworks */ = {
			isa = PBXFrameworksBuildPhase;
			buildActionMask = 2147483647;
			files = (
			);
			runOnlyForDeploymentPostprocessing = 0;
		};
/* End PBXFrameworksBuildPhase section */

/* Begin PBXGroup section */
		4E25F2822B97C7300073DE98 /* Components */ = {
			isa = PBXGroup;
			children = (
				4E25F2832B97C7590073DE98 /* PantryItem.swift */,
				4E72212D2B98EA6A00D9A762 /* TitleBar.swift */,
				4E7221342B98FD2100D9A762 /* PantrySection.swift */,
				4E3DEA4D2BB9BD2C00774FB4 /* ExpiringItemScrollStyle.swift */,
				4E91741E2BB60661006318D7 /* SloganCard.swift */,
				35F732DE2BB64B4100F994A6 /* ExpiringItemCardStyle.swift */,
				35F732E02BB6701900F994A6 /* ExpiringItemCardSection.swift */,
				4E3DEA4F2BB9BF5100774FB4 /* ExpiringItemScrollSection.swift */,
			);
			path = Components;
			sourceTree = "<group>";
		};
		4E2E8C672B967F6B002A0840 = {
			isa = PBXGroup;
			children = (
				4E2E8C722B967F6B002A0840 /* SmartPantry */,
				4E2E8C712B967F6B002A0840 /* Products */,
			);
			sourceTree = "<group>";
		};
		4E2E8C712B967F6B002A0840 /* Products */ = {
			isa = PBXGroup;
			children = (
				4E2E8C702B967F6B002A0840 /* SmartPantry.app */,
			);
			name = Products;
			sourceTree = "<group>";
		};
		4E2E8C722B967F6B002A0840 /* SmartPantry */ = {
			isa = PBXGroup;
			children = (
				4E7221282B98E0B600D9A762 /* Models */,
				3587D5742B9806F900D3F91D /* Info.plist */,
				4E25F2822B97C7300073DE98 /* Components */,
				4E2E8C732B967F6B002A0840 /* SmartPantryApp.swift */,
				4E2E8C752B967F6B002A0840 /* ContentView.swift */,
				4E59DAAC2B98562D009C7A63 /* ProfileView.swift */,
				4E25F2852B980FF80073DE98 /* PantryView.swift */,
				4E72212B2B98E67700D9A762 /* NotificationView.swift */,
				35EAB84B2B983020009E462D /* CameraView.swift */,
				4E91741C2BB512BC006318D7 /* ExpirationView.swift */,
				4E72213A2B9A120F00D9A762 /* PantryItemManager.swift */,
				4E2E8C772B967F6C002A0840 /* Assets.xcassets */,
				4E2E8C792B967F6C002A0840 /* Preview Content */,
			);
			path = SmartPantry;
			sourceTree = "<group>";
		};
		4E2E8C792B967F6C002A0840 /* Preview Content */ = {
			isa = PBXGroup;
			children = (
				4E2E8C7A2B967F6C002A0840 /* Preview Assets.xcassets */,
			);
			path = "Preview Content";
			sourceTree = "<group>";
		};
		4E7221282B98E0B600D9A762 /* Models */ = {
			isa = PBXGroup;
			children = (
				4E7221292B98E0CA00D9A762 /* PantryItemModel.swift */,
				4E7221382B991F7E00D9A762 /* PantrySectionModel.swift */,
			);
			path = Models;
			sourceTree = "<group>";
		};
/* End PBXGroup section */

/* Begin PBXNativeTarget section */
		4E2E8C6F2B967F6B002A0840 /* SmartPantry */ = {
			isa = PBXNativeTarget;
			buildConfigurationList = 4E2E8C7E2B967F6C002A0840 /* Build configuration list for PBXNativeTarget "SmartPantry" */;
			buildPhases = (
				4E2E8C6C2B967F6B002A0840 /* Sources */,
				4E2E8C6D2B967F6B002A0840 /* Frameworks */,
				4E2E8C6E2B967F6B002A0840 /* Resources */,
			);
			buildRules = (
			);
			dependencies = (
			);
			name = SmartPantry;
			productName = SmartPantry;
			productReference = 4E2E8C702B967F6B002A0840 /* SmartPantry.app */;
			productType = "com.apple.product-type.application";
		};
/* End PBXNativeTarget section */

/* Begin PBXProject section */
		4E2E8C682B967F6B002A0840 /* Project object */ = {
			isa = PBXProject;
			attributes = {
				BuildIndependentTargetsInParallel = 1;
				LastSwiftUpdateCheck = 1520;
				LastUpgradeCheck = 1520;
				TargetAttributes = {
					4E2E8C6F2B967F6B002A0840 = {
						CreatedOnToolsVersion = 15.2;
					};
				};
			};
			buildConfigurationList = 4E2E8C6B2B967F6B002A0840 /* Build configuration list for PBXProject "SmartPantry" */;
			compatibilityVersion = "Xcode 14.0";
			developmentRegion = en;
			hasScannedForEncodings = 0;
			knownRegions = (
				en,
				Base,
			);
			mainGroup = 4E2E8C672B967F6B002A0840;
			productRefGroup = 4E2E8C712B967F6B002A0840 /* Products */;
			projectDirPath = "";
			projectRoot = "";
			targets = (
				4E2E8C6F2B967F6B002A0840 /* SmartPantry */,
			);
		};
/* End PBXProject section */

/* Begin PBXResourcesBuildPhase section */
		4E2E8C6E2B967F6B002A0840 /* Resources */ = {
			isa = PBXResourcesBuildPhase;
			buildActionMask = 2147483647;
			files = (
				4E2E8C7B2B967F6C002A0840 /* Preview Assets.xcassets in Resources */,
				4E2E8C782B967F6C002A0840 /* Assets.xcassets in Resources */,
			);
			runOnlyForDeploymentPostprocessing = 0;
		};
/* End PBXResourcesBuildPhase section */

/* Begin PBXSourcesBuildPhase section */
		4E2E8C6C2B967F6B002A0840 /* Sources */ = {
			isa = PBXSourcesBuildPhase;
			buildActionMask = 2147483647;
			files = (
				35EAB84C2B983020009E462D /* CameraView.swift in Sources */,
				4E25F2862B980FF80073DE98 /* PantryView.swift in Sources */,
				4E2E8C762B967F6B002A0840 /* ContentView.swift in Sources */,
				4E3DEA502BB9BF5100774FB4 /* ExpiringItemScrollSection.swift in Sources */,
				4E72212C2B98E67700D9A762 /* NotificationView.swift in Sources */,
				35F732E12BB6701900F994A6 /* ExpiringItemCardSection.swift in Sources */,
				4E7221352B98FD2100D9A762 /* PantrySection.swift in Sources */,
				4E2E8C742B967F6B002A0840 /* SmartPantryApp.swift in Sources */,
				4E91741D2BB512BC006318D7 /* ExpirationView.swift in Sources */,
				4E25F2842B97C7590073DE98 /* PantryItem.swift in Sources */,
				4E7221392B991F7E00D9A762 /* PantrySectionModel.swift in Sources */,
				4E91741F2BB60661006318D7 /* SloganCard.swift in Sources */,
				4E59DAAD2B98562D009C7A63 /* ProfileView.swift in Sources */,
				4E72212E2B98EA6A00D9A762 /* TitleBar.swift in Sources */,
				4E3DEA4E2BB9BD2C00774FB4 /* ExpiringItemScrollStyle.swift in Sources */,
				35F732DF2BB64B4100F994A6 /* ExpiringItemCardStyle.swift in Sources */,
				4E72213B2B9A120F00D9A762 /* PantryItemManager.swift in Sources */,
				4E72212A2B98E0CA00D9A762 /* PantryItemModel.swift in Sources */,
			);
			runOnlyForDeploymentPostprocessing = 0;
		};
/* End PBXSourcesBuildPhase section */

/* Begin XCBuildConfiguration section */
		4E2E8C7C2B967F6C002A0840 /* Debug */ = {
			isa = XCBuildConfiguration;
			buildSettings = {
				ALWAYS_SEARCH_USER_PATHS = NO;
				ASSETCATALOG_COMPILER_GENERATE_SWIFT_ASSET_SYMBOL_EXTENSIONS = YES;
				CLANG_ANALYZER_NONNULL = YES;
				CLANG_ANALYZER_NUMBER_OBJECT_CONVERSION = YES_AGGRESSIVE;
				CLANG_CXX_LANGUAGE_STANDARD = "gnu++20";
				CLANG_ENABLE_MODULES = YES;
				CLANG_ENABLE_OBJC_ARC = YES;
				CLANG_ENABLE_OBJC_WEAK = YES;
				CLANG_WARN_BLOCK_CAPTURE_AUTORELEASING = YES;
				CLANG_WARN_BOOL_CONVERSION = YES;
				CLANG_WARN_COMMA = YES;
				CLANG_WARN_CONSTANT_CONVERSION = YES;
				CLANG_WARN_DEPRECATED_OBJC_IMPLEMENTATIONS = YES;
				CLANG_WARN_DIRECT_OBJC_ISA_USAGE = YES_ERROR;
				CLANG_WARN_DOCUMENTATION_COMMENTS = YES;
				CLANG_WARN_EMPTY_BODY = YES;
				CLANG_WARN_ENUM_CONVERSION = YES;
				CLANG_WARN_INFINITE_RECURSION = YES;
				CLANG_WARN_INT_CONVERSION = YES;
				CLANG_WARN_NON_LITERAL_NULL_CONVERSION = YES;
				CLANG_WARN_OBJC_IMPLICIT_RETAIN_SELF = YES;
				CLANG_WARN_OBJC_LITERAL_CONVERSION = YES;
				CLANG_WARN_OBJC_ROOT_CLASS = YES_ERROR;
				CLANG_WARN_QUOTED_INCLUDE_IN_FRAMEWORK_HEADER = YES;
				CLANG_WARN_RANGE_LOOP_ANALYSIS = YES;
				CLANG_WARN_STRICT_PROTOTYPES = YES;
				CLANG_WARN_SUSPICIOUS_MOVE = YES;
				CLANG_WARN_UNGUARDED_AVAILABILITY = YES_AGGRESSIVE;
				CLANG_WARN_UNREACHABLE_CODE = YES;
				CLANG_WARN__DUPLICATE_METHOD_MATCH = YES;
				COPY_PHASE_STRIP = NO;
				DEBUG_INFORMATION_FORMAT = dwarf;
				ENABLE_STRICT_OBJC_MSGSEND = YES;
				ENABLE_TESTABILITY = YES;
				ENABLE_USER_SCRIPT_SANDBOXING = YES;
				GCC_C_LANGUAGE_STANDARD = gnu17;
				GCC_DYNAMIC_NO_PIC = NO;
				GCC_NO_COMMON_BLOCKS = YES;
				GCC_OPTIMIZATION_LEVEL = 0;
				GCC_PREPROCESSOR_DEFINITIONS = (
					"DEBUG=1",
					"$(inherited)",
				);
				GCC_WARN_64_TO_32_BIT_CONVERSION = YES;
				GCC_WARN_ABOUT_RETURN_TYPE = YES_ERROR;
				GCC_WARN_UNDECLARED_SELECTOR = YES;
				GCC_WARN_UNINITIALIZED_AUTOS = YES_AGGRESSIVE;
				GCC_WARN_UNUSED_FUNCTION = YES;
				GCC_WARN_UNUSED_VARIABLE = YES;
				IPHONEOS_DEPLOYMENT_TARGET = 17.2;
				LOCALIZATION_PREFERS_STRING_CATALOGS = YES;
				MTL_ENABLE_DEBUG_INFO = INCLUDE_SOURCE;
				MTL_FAST_MATH = YES;
				ONLY_ACTIVE_ARCH = YES;
				SDKROOT = iphoneos;
				SWIFT_ACTIVE_COMPILATION_CONDITIONS = "DEBUG $(inherited)";
				SWIFT_OPTIMIZATION_LEVEL = "-Onone";
			};
			name = Debug;
		};
		4E2E8C7D2B967F6C002A0840 /* Release */ = {
			isa = XCBuildConfiguration;
			buildSettings = {
				ALWAYS_SEARCH_USER_PATHS = NO;
				ASSETCATALOG_COMPILER_GENERATE_SWIFT_ASSET_SYMBOL_EXTENSIONS = YES;
				CLANG_ANALYZER_NONNULL = YES;
				CLANG_ANALYZER_NUMBER_OBJECT_CONVERSION = YES_AGGRESSIVE;
				CLANG_CXX_LANGUAGE_STANDARD = "gnu++20";
				CLANG_ENABLE_MODULES = YES;
				CLANG_ENABLE_OBJC_ARC = YES;
				CLANG_ENABLE_OBJC_WEAK = YES;
				CLANG_WARN_BLOCK_CAPTURE_AUTORELEASING = YES;
				CLANG_WARN_BOOL_CONVERSION = YES;
				CLANG_WARN_COMMA = YES;
				CLANG_WARN_CONSTANT_CONVERSION = YES;
				CLANG_WARN_DEPRECATED_OBJC_IMPLEMENTATIONS = YES;
				CLANG_WARN_DIRECT_OBJC_ISA_USAGE = YES_ERROR;
				CLANG_WARN_DOCUMENTATION_COMMENTS = YES;
				CLANG_WARN_EMPTY_BODY = YES;
				CLANG_WARN_ENUM_CONVERSION = YES;
				CLANG_WARN_INFINITE_RECURSION = YES;
				CLANG_WARN_INT_CONVERSION = YES;
				CLANG_WARN_NON_LITERAL_NULL_CONVERSION = YES;
				CLANG_WARN_OBJC_IMPLICIT_RETAIN_SELF = YES;
				CLANG_WARN_OBJC_LITERAL_CONVERSION = YES;
				CLANG_WARN_OBJC_ROOT_CLASS = YES_ERROR;
				CLANG_WARN_QUOTED_INCLUDE_IN_FRAMEWORK_HEADER = YES;
				CLANG_WARN_RANGE_LOOP_ANALYSIS = YES;
				CLANG_WARN_STRICT_PROTOTYPES = YES;
				CLANG_WARN_SUSPICIOUS_MOVE = YES;
				CLANG_WARN_UNGUARDED_AVAILABILITY = YES_AGGRESSIVE;
				CLANG_WARN_UNREACHABLE_CODE = YES;
				CLANG_WARN__DUPLICATE_METHOD_MATCH = YES;
				COPY_PHASE_STRIP = NO;
				DEBUG_INFORMATION_FORMAT = "dwarf-with-dsym";
				ENABLE_NS_ASSERTIONS = NO;
				ENABLE_STRICT_OBJC_MSGSEND = YES;
				ENABLE_USER_SCRIPT_SANDBOXING = YES;
				GCC_C_LANGUAGE_STANDARD = gnu17;
				GCC_NO_COMMON_BLOCKS = YES;
				GCC_WARN_64_TO_32_BIT_CONVERSION = YES;
				GCC_WARN_ABOUT_RETURN_TYPE = YES_ERROR;
				GCC_WARN_UNDECLARED_SELECTOR = YES;
				GCC_WARN_UNINITIALIZED_AUTOS = YES_AGGRESSIVE;
				GCC_WARN_UNUSED_FUNCTION = YES;
				GCC_WARN_UNUSED_VARIABLE = YES;
				IPHONEOS_DEPLOYMENT_TARGET = 17.2;
				LOCALIZATION_PREFERS_STRING_CATALOGS = YES;
				MTL_ENABLE_DEBUG_INFO = NO;
				MTL_FAST_MATH = YES;
				SDKROOT = iphoneos;
				SWIFT_COMPILATION_MODE = wholemodule;
				VALIDATE_PRODUCT = YES;
			};
			name = Release;
		};
		4E2E8C7F2B967F6C002A0840 /* Debug */ = {
			isa = XCBuildConfiguration;
			buildSettings = {
				ASSETCATALOG_COMPILER_APPICON_NAME = AppIcon;
				ASSETCATALOG_COMPILER_GLOBAL_ACCENT_COLOR_NAME = AccentColor;
				ASSETCATALOG_COMPILER_INCLUDE_ALL_APPICON_ASSETS = YES;
				CODE_SIGN_STYLE = Automatic;
				CURRENT_PROJECT_VERSION = 1;
				DEVELOPMENT_ASSET_PATHS = "\"SmartPantry/Preview Content\"";
				DEVELOPMENT_TEAM = 3L8A4XGWUV;
				ENABLE_PREVIEWS = YES;
				GENERATE_INFOPLIST_FILE = YES;
				INFOPLIST_FILE = SmartPantry/Info.plist;
				INFOPLIST_KEY_NSCameraUsageDescription = "";
				INFOPLIST_KEY_NSPhotoLibraryUsageDescription = "";
				INFOPLIST_KEY_UIApplicationSceneManifest_Generation = YES;
				INFOPLIST_KEY_UIApplicationSupportsIndirectInputEvents = YES;
				INFOPLIST_KEY_UILaunchScreen_Generation = YES;
				INFOPLIST_KEY_UISupportedInterfaceOrientations_iPad = "UIInterfaceOrientationPortrait UIInterfaceOrientationPortraitUpsideDown UIInterfaceOrientationLandscapeLeft UIInterfaceOrientationLandscapeRight";
				INFOPLIST_KEY_UISupportedInterfaceOrientations_iPhone = "UIInterfaceOrientationPortrait UIInterfaceOrientationLandscapeLeft UIInterfaceOrientationLandscapeRight";
				LD_RUNPATH_SEARCH_PATHS = (
					"$(inherited)",
					"@executable_path/Frameworks",
				);
				MARKETING_VERSION = 1.0;
				PRODUCT_BUNDLE_IDENTIFIER = longlam.SmartPantry;
				PRODUCT_NAME = "$(TARGET_NAME)";
				SWIFT_EMIT_LOC_STRINGS = YES;
				SWIFT_VERSION = 5.0;
				TARGETED_DEVICE_FAMILY = "1,2";
			};
			name = Debug;
		};
		4E2E8C802B967F6C002A0840 /* Release */ = {
			isa = XCBuildConfiguration;
			buildSettings = {
				ASSETCATALOG_COMPILER_APPICON_NAME = AppIcon;
				ASSETCATALOG_COMPILER_GLOBAL_ACCENT_COLOR_NAME = AccentColor;
				ASSETCATALOG_COMPILER_INCLUDE_ALL_APPICON_ASSETS = YES;
				CODE_SIGN_STYLE = Automatic;
				CURRENT_PROJECT_VERSION = 1;
				DEVELOPMENT_ASSET_PATHS = "\"SmartPantry/Preview Content\"";
				DEVELOPMENT_TEAM = 3L8A4XGWUV;
				ENABLE_PREVIEWS = YES;
				GENERATE_INFOPLIST_FILE = YES;
				INFOPLIST_FILE = SmartPantry/Info.plist;
				INFOPLIST_KEY_NSCameraUsageDescription = "";
				INFOPLIST_KEY_NSPhotoLibraryUsageDescription = "";
				INFOPLIST_KEY_UIApplicationSceneManifest_Generation = YES;
				INFOPLIST_KEY_UIApplicationSupportsIndirectInputEvents = YES;
				INFOPLIST_KEY_UILaunchScreen_Generation = YES;
				INFOPLIST_KEY_UISupportedInterfaceOrientations_iPad = "UIInterfaceOrientationPortrait UIInterfaceOrientationPortraitUpsideDown UIInterfaceOrientationLandscapeLeft UIInterfaceOrientationLandscapeRight";
				INFOPLIST_KEY_UISupportedInterfaceOrientations_iPhone = "UIInterfaceOrientationPortrait UIInterfaceOrientationLandscapeLeft UIInterfaceOrientationLandscapeRight";
				LD_RUNPATH_SEARCH_PATHS = (
					"$(inherited)",
					"@executable_path/Frameworks",
				);
				MARKETING_VERSION = 1.0;
				PRODUCT_BUNDLE_IDENTIFIER = longlam.SmartPantry;
				PRODUCT_NAME = "$(TARGET_NAME)";
				SWIFT_EMIT_LOC_STRINGS = YES;
				SWIFT_VERSION = 5.0;
				TARGETED_DEVICE_FAMILY = "1,2";
			};
			name = Release;
		};
/* End XCBuildConfiguration section */

/* Begin XCConfigurationList section */
		4E2E8C6B2B967F6B002A0840 /* Build configuration list for PBXProject "SmartPantry" */ = {
			isa = XCConfigurationList;
			buildConfigurations = (
				4E2E8C7C2B967F6C002A0840 /* Debug */,
				4E2E8C7D2B967F6C002A0840 /* Release */,
			);
			defaultConfigurationIsVisible = 0;
			defaultConfigurationName = Release;
		};
		4E2E8C7E2B967F6C002A0840 /* Build configuration list for PBXNativeTarget "SmartPantry" */ = {
			isa = XCConfigurationList;
			buildConfigurations = (
				4E2E8C7F2B967F6C002A0840 /* Debug */,
				4E2E8C802B967F6C002A0840 /* Release */,
			);
			defaultConfigurationIsVisible = 0;
			defaultConfigurationName = Release;
		};
/* End XCConfigurationList section */
	};
	rootObject = 4E2E8C682B967F6B002A0840 /* Project object */;
}
